// !$*UTF8*$!
{
	archiveVersion = 1;
	classes = {
	};
	objectVersion = 48;
	objects = {

/* Begin PBXBuildFile section */
		A3264C621FCC3CAA00610C9D /* AppDelegate.m in Sources */ = {isa = PBXBuildFile; fileRef = A3264C611FCC3CAA00610C9D /* AppDelegate.m */; };
		A3264C651FCC3CAA00610C9D /* ViewController.m in Sources */ = {isa = PBXBuildFile; fileRef = A3264C641FCC3CAA00610C9D /* ViewController.m */; };
		A3264C681FCC3CAA00610C9D /* Main.storyboard in Resources */ = {isa = PBXBuildFile; fileRef = A3264C661FCC3CAA00610C9D /* Main.storyboard */; };
		A3264C6A1FCC3CAA00610C9D /* Assets.xcassets in Resources */ = {isa = PBXBuildFile; fileRef = A3264C691FCC3CAA00610C9D /* Assets.xcassets */; };
		A3264C6D1FCC3CAA00610C9D /* LaunchScreen.storyboard in Resources */ = {isa = PBXBuildFile; fileRef = A3264C6B1FCC3CAA00610C9D /* LaunchScreen.storyboard */; };
		A3264C701FCC3CAA00610C9D /* main.m in Sources */ = {isa = PBXBuildFile; fileRef = A3264C6F1FCC3CAA00610C9D /* main.m */; };
		A3264C7B1FCC3D7500610C9D /* ZYTool.m in Sources */ = {isa = PBXBuildFile; fileRef = A3264C7A1FCC3D7500610C9D /* ZYTool.m */; };
		A3264C831FCC42B100610C9D /* ZYTest.m in Sources */ = {isa = PBXBuildFile; fileRef = A3264C821FCC42B100610C9D /* ZYTest.m */; };
/* End PBXBuildFile section */

/* Begin PBXFileReference section */
		A3264C5D1FCC3CA900610C9D /* Singleton.app */ = {isa = PBXFileReference; explicitFileType = wrapper.application; includeInIndex = 0; path = Singleton.app; sourceTree = BUILT_PRODUCTS_DIR; };
		A3264C601FCC3CAA00610C9D /* AppDelegate.h */ = {isa = PBXFileReference; lastKnownFileType = sourcecode.c.h; path = AppDelegate.h; sourceTree = "<group>"; };
		A3264C611FCC3CAA00610C9D /* AppDelegate.m */ = {isa = PBXFileReference; lastKnownFileType = sourcecode.c.objc; path = AppDelegate.m; sourceTree = "<group>"; };
		A3264C631FCC3CAA00610C9D /* ViewController.h */ = {isa = PBXFileReference; lastKnownFileType = sourcecode.c.h; path = ViewController.h; sourceTree = "<group>"; };
		A3264C641FCC3CAA00610C9D /* ViewController.m */ = {isa = PBXFileReference; lastKnownFileType = sourcecode.c.objc; path = ViewController.m; sourceTree = "<group>"; };
		A3264C671FCC3CAA00610C9D /* Base */ = {isa = PBXFileReference; lastKnownFileType = file.storyboard; name = Base; path = Base.lproj/Main.storyboard; sourceTree = "<group>"; };
		A3264C691FCC3CAA00610C9D /* Assets.xcassets */ = {isa = PBXFileReference; lastKnownFileType = folder.assetcatalog; path = Assets.xcassets; sourceTree = "<group>"; };
		A3264C6C1FCC3CAA00610C9D /* Base */ = {isa = PBXFileReference; lastKnownFileType = file.storyboard; name = Base; path = Base.lproj/LaunchScreen.storyboard; sourceTree = "<group>"; };
		A3264C6E1FCC3CAA00610C9D /* Info.plist */ = {isa = PBXFileReference; lastKnownFileType = text.plist.xml; path = Info.plist; sourceTree = "<group>"; };
		A3264C6F1FCC3CAA00610C9D /* main.m */ = {isa = PBXFileReference; lastKnownFileType = sourcecode.c.objc; path = main.m; sourceTree = "<group>"; };
		A3264C791FCC3D7500610C9D /* ZYTool.h */ = {isa = PBXFileReference; lastKnownFileType = sourcecode.c.h; path = ZYTool.h; sourceTree = "<group>"; };
		A3264C7A1FCC3D7500610C9D /* ZYTool.m */ = {isa = PBXFileReference; lastKnownFileType = sourcecode.c.objc; path = ZYTool.m; sourceTree = "<group>"; };
		A3264C801FCC411900610C9D /* ZYSingleton.h */ = {isa = PBXFileReference; lastKnownFileType = sourcecode.c.h; path = ZYSingleton.h; sourceTree = "<group>"; };
		A3264C811FCC42B100610C9D /* ZYTest.h */ = {isa = PBXFileReference; lastKnownFileType = sourcecode.c.h; path = ZYTest.h; sourceTree = "<group>"; };
		A3264C821FCC42B100610C9D /* ZYTest.m */ = {isa = PBXFileReference; lastKnownFileType = sourcecode.c.objc; path = ZYTest.m; sourceTree = "<group>"; };
/* End PBXFileReference section */

/* Begin PBXFrameworksBuildPhase section */
		A3264C5A1FCC3CA900610C9D /* Frameworks */ = {
			isa = PBXFrameworksBuildPhase;
			buildActionMask = 2147483647;
			files = (
			);
			runOnlyForDeploymentPostprocessing = 0;
		};
/* End PBXFrameworksBuildPhase section */

/* Begin PBXGroup section */
		A3264C541FCC3CA900610C9D = {
			isa = PBXGroup;
			children = (
				A3264C5F1FCC3CA900610C9D /* Singleton */,
				A3264C5E1FCC3CA900610C9D /* Products */,
			);
			sourceTree = "<group>";
		};
		A3264C5E1FCC3CA900610C9D /* Products */ = {
			isa = PBXGroup;
			children = (
				A3264C5D1FCC3CA900610C9D /* Singleton.app */,
			);
			name = Products;
			sourceTree = "<group>";
		};
		A3264C5F1FCC3CA900610C9D /* Singleton */ = {
			isa = PBXGroup;
			children = (
				A3264C601FCC3CAA00610C9D /* AppDelegate.h */,
				A3264C611FCC3CAA00610C9D /* AppDelegate.m */,
				A3264C631FCC3CAA00610C9D /* ViewController.h */,
				A3264C641FCC3CAA00610C9D /* ViewController.m */,
				A3264C661FCC3CAA00610C9D /* Main.storyboard */,
				A3264C691FCC3CAA00610C9D /* Assets.xcassets */,
				A3264C6B1FCC3CAA00610C9D /* LaunchScreen.storyboard */,
				A3264C6E1FCC3CAA00610C9D /* Info.plist */,
				A3264C6F1FCC3CAA00610C9D /* main.m */,
				A3264C791FCC3D7500610C9D /* ZYTool.h */,
				A3264C7A1FCC3D7500610C9D /* ZYTool.m */,
				A3264C811FCC42B100610C9D /* ZYTest.h */,
				A3264C821FCC42B100610C9D /* ZYTest.m */,
				A3264C801FCC411900610C9D /* ZYSingleton.h */,
			);
			path = Singleton;
			sourceTree = "<group>";
		};
/* End PBXGroup section */

/* Begin PBXNativeTarget section */
		A3264C5C1FCC3CA900610C9D /* Singleton */ = {
			isa = PBXNativeTarget;
			buildConfigurationList = A3264C731FCC3CAA00610C9D /* Build configuration list for PBXNativeTarget "Singleton" */;
			buildPhases = (
				A3264C591FCC3CA900610C9D /* Sources */,
				A3264C5A1FCC3CA900610C9D /* Frameworks */,
				A3264C5B1FCC3CA900610C9D /* Resources */,
			);
			buildRules = (
			);
			dependencies = (
			);
			name = Singleton;
			productName = Singleton;
			productReference = A3264C5D1FCC3CA900610C9D /* Singleton.app */;
			productType = "com.apple.product-type.application";
		};
/* End PBXNativeTarget section */

/* Begin PBXProject section */
		A3264C551FCC3CA900610C9D /* Project object */ = {
			isa = PBXProject;
			attributes = {
				LastUpgradeCheck = 0910;
				ORGANIZATIONNAME = sunny;
				TargetAttributes = {
					A3264C5C1FCC3CA900610C9D = {
						CreatedOnToolsVersion = 9.1;
						ProvisioningStyle = Automatic;
					};
				};
			};
			buildConfigurationList = A3264C581FCC3CA900610C9D /* Build configuration list for PBXProject "Singleton" */;
			compatibilityVersion = "Xcode 8.0";
			developmentRegion = en;
			hasScannedForEncodings = 0;
			knownRegions = (
				en,
				Base,
			);
			mainGroup = A3264C541FCC3CA900610C9D;
			productRefGroup = A3264C5E1FCC3CA900610C9D /* Products */;
			projectDirPath = "";
			projectRoot = "";
			targets = (
				A3264C5C1FCC3CA900610C9D /* Singleton */,
			);
		};
/* End PBXProject section */

/* Begin PBXResourcesBuildPhase section */
		A3264C5B1FCC3CA900610C9D /* Resources */ = {
			isa = PBXResourcesBuildPhase;
			buildActionMask = 2147483647;
			files = (
				A3264C6D1FCC3CAA00610C9D /* LaunchScreen.storyboard in Resources */,
				A3264C6A1FCC3CAA00610C9D /* Assets.xcassets in Resources */,
				A3264C681FCC3CAA00610C9D /* Main.storyboard in Resources */,
			);
			runOnlyForDeploymentPostprocessing = 0;
		};
/* End PBXResourcesBuildPhase section */

/* Begin PBXSourcesBuildPhase section */
		A3264C591FCC3CA900610C9D /* Sources */ = {
			isa = PBXSourcesBuildPhase;
			buildActionMask = 2147483647;
			files = (
				A3264C7B1FCC3D7500610C9D /* ZYTool.m in Sources */,
				A3264C651FCC3CAA00610C9D /* ViewController.m in Sources */,
				A3264C701FCC3CAA00610C9D /* main.m in Sources */,
				A3264C621FCC3CAA00610C9D /* AppDelegate.m in Sources */,
				A3264C831FCC42B100610C9D /* ZYTest.m in Sources */,
			);
			runOnlyForDeploymentPostprocessing = 0;
		};
/* End PBXSourcesBuildPhase section */

/* Begin PBXVariantGroup section */
		A3264C661FCC3CAA00610C9D /* Main.storyboard */ = {
			isa = PBXVariantGroup;
			children = (
				A3264C671FCC3CAA00610C9D /* Base */,
			);
			name = Main.storyboard;
			sourceTree = "<group>";
		};
		A3264C6B1FCC3CAA00610C9D /* LaunchScreen.storyboard */ = {
			isa = PBXVariantGroup;
			children = (
				A3264C6C1FCC3CAA00610C9D /* Base */,
			);
			name = LaunchScreen.storyboard;
			sourceTree = "<group>";
		};
/* End PBXVariantGroup section */

/* Begin XCBuildConfiguration section */
		A3264C711FCC3CAA00610C9D /* Debug */ = {
			isa = XCBuildConfiguration;
			buildSettings = {
				ALWAYS_SEARCH_USER_PATHS = NO;
				CLANG_ANALYZER_NONNULL = YES;
				CLANG_ANALYZER_NUMBER_OBJECT_CONVERSION = YES_AGGRESSIVE;
				CLANG_CXX_LANGUAGE_STANDARD = "gnu++14";
				CLANG_CXX_LIBRARY = "libc++";
				CLANG_ENABLE_MODULES = YES;
				CLANG_ENABLE_OBJC_ARC = YES;
				CLANG_WARN_BLOCK_CAPTURE_AUTORELEASING = YES;
				CLANG_WARN_BOOL_CONVERSION = YES;
				CLANG_WARN_COMMA = YES;
				CLANG_WARN_CONSTANT_CONVERSION = YES;
				CLANG_WARN_DIRECT_OBJC_ISA_USAGE = YES_ERROR;
				CLANG_WARN_DOCUMENTATION_COMMENTS = YES;
				CLANG_WARN_EMPTY_BODY = YES;
				CLANG_WARN_ENUM_CONVERSION = YES;
				CLANG_WARN_INFINITE_RECURSION = YES;
				CLANG_WARN_INT_CONVERSION = YES;
				CLANG_WARN_NON_LITERAL_NULL_CONVERSION = YES;
				CLANG_WARN_OBJC_LITERAL_CONVERSION = YES;
				CLANG_WARN_OBJC_ROOT_CLASS = YES_ERROR;
				CLANG_WARN_RANGE_LOOP_ANALYSIS = YES;
				CLANG_WARN_STRICT_PROTOTYPES = YES;
				CLANG_WARN_SUSPICIOUS_MOVE = YES;
				CLANG_WARN_UNGUARDED_AVAILABILITY = YES_AGGRESSIVE;
				CLANG_WARN_UNREACHABLE_CODE = YES;
				CLANG_WARN__DUPLICATE_METHOD_MATCH = YES;
				CODE_SIGN_IDENTITY = "iPhone Developer";
				COPY_PHASE_STRIP = NO;
				DEBUG_INFORMATION_FORMAT = dwarf;
				ENABLE_STRICT_OBJC_MSGSEND = YES;
				ENABLE_TESTABILITY = YES;
				GCC_C_LANGUAGE_STANDARD = gnu11;
				GCC_DYNAMIC_NO_PIC = NO;
				GCC_NO_COMMON_BLOCKS = YES;
				GCC_OPTIMIZATION_LEVEL = 0;
				GCC_PREPROCESSOR_DEFINITIONS = (
					"DEBUG=1",
					"$(inherited)",
				);
				GCC_WARN_64_TO_32_BIT_CONVERSION = YES;
				GCC_WARN_ABOUT_RETURN_TYPE = YES_ERROR;
				GCC_WARN_UNDECLARED_SELECTOR = YES;
				GCC_WARN_UNINITIALIZED_AUTOS = YES_AGGRESSIVE;
				GCC_WARN_UNUSED_FUNCTION = YES;
				GCC_WARN_UNUSED_VARIABLE = YES;
				IPHONEOS_DEPLOYMENT_TARGET = 11.1;
				MTL_ENABLE_DEBUG_INFO = YES;
				ONLY_ACTIVE_ARCH = YES;
				SDKROOT = iphoneos;
			};
			name = Debug;
		};
		A3264C721FCC3CAA00610C9D /* Release */ = {
			isa = XCBuildConfiguration;
			buildSettings = {
				ALWAYS_SEARCH_USER_PATHS = NO;
				CLANG_ANALYZER_NONNULL = YES;
				CLANG_ANALYZER_NUMBER_OBJECT_CONVERSION = YES_AGGRESSIVE;
				CLANG_CXX_LANGUAGE_STANDARD = "gnu++14";
				CLANG_CXX_LIBRARY = "libc++";
				CLANG_ENABLE_MODULES = YES;
				CLANG_ENABLE_OBJC_ARC = YES;
				CLANG_WARN_BLOCK_CAPTURE_AUTORELEASING = YES;
				CLANG_WARN_BOOL_CONVERSION = YES;
				CLANG_WARN_COMMA = YES;
				CLANG_WARN_CONSTANT_CONVERSION = YES;
				CLANG_WARN_DIRECT_OBJC_ISA_USAGE = YES_ERROR;
				CLANG_WARN_DOCUMENTATION_COMMENTS = YES;
				CLANG_WARN_EMPTY_BODY = YES;
				CLANG_WARN_ENUM_CONVERSION = YES;
				CLANG_WARN_INFINITE_RECURSION = YES;
				CLANG_WARN_INT_CONVERSION = YES;
				CLANG_WARN_NON_LITERAL_NULL_CONVERSION = YES;
				CLANG_WARN_OBJC_LITERAL_CONVERSION = YES;
				CLANG_WARN_OBJC_ROOT_CLASS = YES_ERROR;
				CLANG_WARN_RANGE_LOOP_ANALYSIS = YES;
				CLANG_WARN_STRICT_PROTOTYPES = YES;
				CLANG_WARN_SUSPICIOUS_MOVE = YES;
				CLANG_WARN_UNGUARDED_AVAILABILITY = YES_AGGRESSIVE;
				CLANG_WARN_UNREACHABLE_CODE = YES;
				CLANG_WARN__DUPLICATE_METHOD_MATCH = YES;
				CODE_SIGN_IDENTITY = "iPhone Developer";
				COPY_PHASE_STRIP = NO;
				DEBUG_INFORMATION_FORMAT = "dwarf-with-dsym";
				ENABLE_NS_ASSERTIONS = NO;
				ENABLE_STRICT_OBJC_MSGSEND = YES;
				GCC_C_LANGUAGE_STANDARD = gnu11;
				GCC_NO_COMMON_BLOCKS = YES;
				GCC_WARN_64_TO_32_BIT_CONVERSION = YES;
				GCC_WARN_ABOUT_RETURN_TYPE = YES_ERROR;
				GCC_WARN_UNDECLARED_SELECTOR = YES;
				GCC_WARN_UNINITIALIZED_AUTOS = YES_AGGRESSIVE;
				GCC_WARN_UNUSED_FUNCTION = YES;
				GCC_WARN_UNUSED_VARIABLE = YES;
				IPHONEOS_DEPLOYMENT_TARGET = 11.1;
				MTL_ENABLE_DEBUG_INFO = NO;
				SDKROOT = iphoneos;
				VALIDATE_PRODUCT = YES;
			};
			name = Release;
		};
		A3264C741FCC3CAA00610C9D /* Debug */ = {
			isa = XCBuildConfiguration;
			buildSettings = {
				ASSETCATALOG_COMPILER_APPICON_NAME = AppIcon;
				CODE_SIGN_STYLE = Automatic;
				DEVELOPMENT_TEAM = 995KGZDDWF;
				INFOPLIST_FILE = Singleton/Info.plist;
				LD_RUNPATH_SEARCH_PATHS = "$(inherited) @executable_path/Frameworks";
				PRODUCT_BUNDLE_IDENTIFIER = com.sunny.Singleton;
				PRODUCT_NAME = "$(TARGET_NAME)";
				TARGETED_DEVICE_FAMILY = "1,2";
			};
			name = Debug;
		};
		A3264C751FCC3CAA00610C9D /* Release */ = {
			isa = XCBuildConfiguration;
			buildSettings = {
				ASSETCATALOG_COMPILER_APPICON_NAME = AppIcon;
				CODE_SIGN_STYLE = Automatic;
				DEVELOPMENT_TEAM = 995KGZDDWF;
				INFOPLIST_FILE = Singleton/Info.plist;
				LD_RUNPATH_SEARCH_PATHS = "$(inherited) @executable_path/Frameworks";
				PRODUCT_BUNDLE_IDENTIFIER = com.sunny.Singleton;
				PRODUCT_NAME = "$(TARGET_NAME)";
				TARGETED_DEVICE_FAMILY = "1,2";
			};
			name = Release;
		};
/* End XCBuildConfiguration section */

/* Begin XCConfigurationList section */
		A3264C581FCC3CA900610C9D /* Build configuration list for PBXProject "Singleton" */ = {
			isa = XCConfigurationList;
			buildConfigurations = (
				A3264C711FCC3CAA00610C9D /* Debug */,
				A3264C721FCC3CAA00610C9D /* Release */,
			);
			defaultConfigurationIsVisible = 0;
			defaultConfigurationName = Release;
		};
		A3264C731FCC3CAA00610C9D /* Build configuration list for PBXNativeTarget "Singleton" */ = {
			isa = XCConfigurationList;
			buildConfigurations = (
				A3264C741FCC3CAA00610C9D /* Debug */,
				A3264C751FCC3CAA00610C9D /* Release */,
			);
			defaultConfigurationIsVisible = 0;
			defaultConfigurationName = Release;
		};
/* End XCConfigurationList section */
	};
	rootObject = A3264C551FCC3CA900610C9D /* Project object */;
}
